// !$*UTF8*$!
{
	archiveVersion = 1;
	classes = {
	};
	objectVersion = 46;
	objects = {

/* Begin PBXBuildFile section */
		3306415C1E250F100044CB68 /* IOKit.framework in Frameworks */ = {isa = PBXBuildFile; fileRef = 3306415B1E250F100044CB68 /* IOKit.framework */; };
		334A19481E277F4600390316 /* main.mm in Sources */ = {isa = PBXBuildFile; fileRef = 334A19471E277F4600390316 /* main.mm */; };
		334A194C1E278E2900390316 /* mfhid_helper in Resources */ = {isa = PBXBuildFile; fileRef = 334A19451E277F4600390316 /* mfhid_helper */; };
		33992A821E27E96B00A61943 /* AboutViewController.m in Sources */ = {isa = PBXBuildFile; fileRef = 33992A811E27E96B00A61943 /* AboutViewController.m */; };
		33992A841E27F96A00A61943 /* Licenses.txt in Resources */ = {isa = PBXBuildFile; fileRef = 33992A831E27F96A00A61943 /* Licenses.txt */; };
		33A1BB171E24C7E100036C78 /* CoreBluetooth.framework in Frameworks */ = {isa = PBXBuildFile; fileRef = 33A1BB161E24C7E100036C78 /* CoreBluetooth.framework */; };
		33B88B3F1E24255D006C756D /* AppDelegate.m in Sources */ = {isa = PBXBuildFile; fileRef = 33B88B3E1E24255D006C756D /* AppDelegate.m */; };
		33B88B421E24255D006C756D /* main.m in Sources */ = {isa = PBXBuildFile; fileRef = 33B88B411E24255D006C756D /* main.m */; };
		33B88B471E24255D006C756D /* Assets.xcassets in Resources */ = {isa = PBXBuildFile; fileRef = 33B88B461E24255D006C756D /* Assets.xcassets */; };
		33B88B531E242584006C756D /* GameController.framework in Frameworks */ = {isa = PBXBuildFile; fileRef = 33B88B521E242584006C756D /* GameController.framework */; };
		D5AF603A0B4069ACA0ECE80F /* AutoResizingTextView.m in Sources */ = {isa = PBXBuildFile; fileRef = D5AF6CEAF9FE2B5DBD2FCB2E /* AutoResizingTextView.m */; };
		D5AF611F05C90916915CB6F3 /* Vector2D.mm in Sources */ = {isa = PBXBuildFile; fileRef = D5AF6BA5EAC8DAAC80726D05 /* Vector2D.mm */; };
		D5AF62004AA8DCDFE62929FA /* StatusBarManager.m in Sources */ = {isa = PBXBuildFile; fileRef = D5AF6EC46AFA84F959D22770 /* StatusBarManager.m */; };
		D5AF621B27047575D37EE70A /* FoohidDriverManager.m in Sources */ = {isa = PBXBuildFile; fileRef = D5AF67BD109512CCCBB929B2 /* FoohidDriverManager.m */; };
		D5AF62246CE479EE5E30AF4C /* CheckFoohid.scpt in Sources */ = {isa = PBXBuildFile; fileRef = D5AF619D5A73FECA32FA74F9 /* CheckFoohid.scpt */; };
		D5AF62EB03D69606E10CD753 /* DevicesViewController.mm in Sources */ = {isa = PBXBuildFile; fileRef = D5AF6440ED24F3E83F881DEB /* DevicesViewController.mm */; };
		D5AF6303128667E99F5997AF /* Settings.m in Sources */ = {isa = PBXBuildFile; fileRef = D5AF6CC4F362A02A01FD538C /* Settings.m */; };
		D5AF67D30F8E4A6E67AA6502 /* Localizable.strings in Resources */ = {isa = PBXBuildFile; fileRef = D5AF6B0474515CEA814787BA /* Localizable.strings */; };
		D5AF6862926A3B84E66E0A66 /* STPrivilegedTask.m in Sources */ = {isa = PBXBuildFile; fileRef = D5AF677B5E65924FB1AC82D5 /* STPrivilegedTask.m */; };
		D5AF69550B2C63FDA12B76EE /* AutoResizingTextViewHolder.m in Sources */ = {isa = PBXBuildFile; fileRef = D5AF65C13844A6EDDC5CC73C /* AutoResizingTextViewHolder.m */; };
		D5AF6C0EB3F523FA7AB6B09C /* Categories.m in Sources */ = {isa = PBXBuildFile; fileRef = D5AF63941EB7F221601CA73F /* Categories.m */; };
		D5AF6D3D61C8AC9591BF953C /* SettingsViewController.m in Sources */ = {isa = PBXBuildFile; fileRef = D5AF6B796878B0F4538CE208 /* SettingsViewController.m */; };
		D5AF6D4F2ACCF6319FF2BFCC /* HIDBridgedGamepad.mm in Sources */ = {isa = PBXBuildFile; fileRef = D5AF6F3B6E942DA9559E24CA /* HIDBridgedGamepad.mm */; };
		D5AF6DD8144DBED609588D56 /* Main.storyboard in Resources */ = {isa = PBXBuildFile; fileRef = D5AF67A319ACE8DC457E61E2 /* Main.storyboard */; };
		D5AF6EABB31A9C6733F3F291 /* HIDController.mm in Sources */ = {isa = PBXBuildFile; fileRef = D5AF624D1E6593B1686B148F /* HIDController.mm */; };
/* End PBXBuildFile section */

/* Begin PBXContainerItemProxy section */
		334A194D1E27922F00390316 /* PBXContainerItemProxy */ = {
			isa = PBXContainerItemProxy;
			containerPortal = 33B88B321E24255D006C756D /* Project object */;
			proxyType = 1;
			remoteGlobalIDString = 334A19441E277F4600390316;
			remoteInfo = mfhid_helper;
		};
/* End PBXContainerItemProxy section */

/* Begin PBXCopyFilesBuildPhase section */
		334A19431E277F4600390316 /* CopyFiles */ = {
			isa = PBXCopyFilesBuildPhase;
			buildActionMask = 2147483647;
			dstPath = /usr/share/man/man1/;
			dstSubfolderSpec = 0;
			files = (
			);
			runOnlyForDeploymentPostprocessing = 1;
		};
/* End PBXCopyFilesBuildPhase section */

/* Begin PBXFileReference section */
		3306415B1E250F100044CB68 /* IOKit.framework */ = {isa = PBXFileReference; lastKnownFileType = wrapper.framework; name = IOKit.framework; path = System/Library/Frameworks/IOKit.framework; sourceTree = SDKROOT; };
		334A19451E277F4600390316 /* mfhid_helper */ = {isa = PBXFileReference; explicitFileType = "compiled.mach-o.executable"; includeInIndex = 0; path = mfhid_helper; sourceTree = BUILT_PRODUCTS_DIR; };
		334A19471E277F4600390316 /* main.mm */ = {isa = PBXFileReference; lastKnownFileType = sourcecode.cpp.objcpp; path = main.mm; sourceTree = "<group>"; };
		33992A801E27E96B00A61943 /* AboutViewController.h */ = {isa = PBXFileReference; fileEncoding = 4; lastKnownFileType = sourcecode.c.h; path = AboutViewController.h; sourceTree = "<group>"; };
		33992A811E27E96B00A61943 /* AboutViewController.m */ = {isa = PBXFileReference; fileEncoding = 4; lastKnownFileType = sourcecode.c.objc; path = AboutViewController.m; sourceTree = "<group>"; };
		33992A831E27F96A00A61943 /* Licenses.txt */ = {isa = PBXFileReference; fileEncoding = 4; lastKnownFileType = text; name = Licenses.txt; path = Licenses/Licenses.txt; sourceTree = "<group>"; };
		33A1BB161E24C7E100036C78 /* CoreBluetooth.framework */ = {isa = PBXFileReference; lastKnownFileType = wrapper.framework; name = CoreBluetooth.framework; path = System/Library/Frameworks/CoreBluetooth.framework; sourceTree = SDKROOT; };
		33B88B3A1E24255D006C756D /* MFHID.app */ = {isa = PBXFileReference; explicitFileType = wrapper.application; includeInIndex = 0; path = MFHID.app; sourceTree = BUILT_PRODUCTS_DIR; };
		33B88B3D1E24255D006C756D /* AppDelegate.h */ = {isa = PBXFileReference; lastKnownFileType = sourcecode.c.h; path = AppDelegate.h; sourceTree = "<group>"; };
		33B88B3E1E24255D006C756D /* AppDelegate.m */ = {isa = PBXFileReference; lastKnownFileType = sourcecode.c.objc; path = AppDelegate.m; sourceTree = "<group>"; };
		33B88B411E24255D006C756D /* main.m */ = {isa = PBXFileReference; lastKnownFileType = sourcecode.c.objc; path = main.m; sourceTree = "<group>"; };
		33B88B461E24255D006C756D /* Assets.xcassets */ = {isa = PBXFileReference; lastKnownFileType = folder.assetcatalog; path = Assets.xcassets; sourceTree = "<group>"; };
		33B88B521E242584006C756D /* GameController.framework */ = {isa = PBXFileReference; lastKnownFileType = wrapper.framework; name = GameController.framework; path = System/Library/Frameworks/GameController.framework; sourceTree = SDKROOT; };
		D5AF61863A6514AD0940EE0C /* HIDController.h */ = {isa = PBXFileReference; fileEncoding = 4; lastKnownFileType = sourcecode.c.h; path = HIDController.h; sourceTree = "<group>"; };
		D5AF619D5A73FECA32FA74F9 /* CheckFoohid.scpt */ = {isa = PBXFileReference; fileEncoding = 4; lastKnownFileType = sourcecode.scpt; path = CheckFoohid.scpt; sourceTree = "<group>"; };
		D5AF619FEAA91581BA7F1AE5 /* Types.h */ = {isa = PBXFileReference; fileEncoding = 4; lastKnownFileType = sourcecode.c.h; path = Types.h; sourceTree = "<group>"; };
		D5AF624D1E6593B1686B148F /* HIDController.mm */ = {isa = PBXFileReference; fileEncoding = 4; lastKnownFileType = sourcecode.cpp.objcpp; path = HIDController.mm; sourceTree = "<group>"; };
		D5AF6311EBE7B8D81DC364CC /* StatusBarManager.h */ = {isa = PBXFileReference; fileEncoding = 4; lastKnownFileType = sourcecode.c.h; path = StatusBarManager.h; sourceTree = "<group>"; };
		D5AF6312955CA72A2D9C97E1 /* Vector2D.h */ = {isa = PBXFileReference; fileEncoding = 4; lastKnownFileType = sourcecode.c.h; path = Vector2D.h; sourceTree = "<group>"; };
		D5AF638C56EEFEE67D05A649 /* AutoResizingTextViewHolder.h */ = {isa = PBXFileReference; fileEncoding = 4; lastKnownFileType = sourcecode.c.h; path = AutoResizingTextViewHolder.h; sourceTree = "<group>"; };
		D5AF63941EB7F221601CA73F /* Categories.m */ = {isa = PBXFileReference; fileEncoding = 4; lastKnownFileType = sourcecode.c.objc; path = Categories.m; sourceTree = "<group>"; };
		D5AF6440ED24F3E83F881DEB /* DevicesViewController.mm */ = {isa = PBXFileReference; fileEncoding = 4; lastKnownFileType = sourcecode.cpp.objcpp; path = DevicesViewController.mm; sourceTree = "<group>"; };
		D5AF653903AE8F76BF8782B7 /* Base */ = {isa = PBXFileReference; lastKnownFileType = file.storyboard; name = Base; path = Base.lproj/Main.storyboard; sourceTree = "<group>"; };
		D5AF65829B5356CA0A9E8FBB /* STPrivilegedTask.h */ = {isa = PBXFileReference; fileEncoding = 4; lastKnownFileType = sourcecode.c.h; path = STPrivilegedTask.h; sourceTree = "<group>"; };
		D5AF65C13844A6EDDC5CC73C /* AutoResizingTextViewHolder.m */ = {isa = PBXFileReference; fileEncoding = 4; lastKnownFileType = sourcecode.c.objc; path = AutoResizingTextViewHolder.m; sourceTree = "<group>"; };
		D5AF65C6C46729EA7418A55E /* Info.plist */ = {isa = PBXFileReference; fileEncoding = 4; lastKnownFileType = text.plist.info; path = Info.plist; sourceTree = "<group>"; };
		D5AF665337F99C5A26ACF4DC /* Categories.h */ = {isa = PBXFileReference; fileEncoding = 4; lastKnownFileType = sourcecode.c.h; path = Categories.h; sourceTree = "<group>"; };
		D5AF6745B14015080F7238F7 /* MFIHID-Prefix.pch */ = {isa = PBXFileReference; fileEncoding = 4; lastKnownFileType = sourcecode.c.h; path = "MFIHID-Prefix.pch"; sourceTree = "<group>"; };
		D5AF677B5E65924FB1AC82D5 /* STPrivilegedTask.m */ = {isa = PBXFileReference; fileEncoding = 4; lastKnownFileType = sourcecode.c.objc; path = STPrivilegedTask.m; sourceTree = "<group>"; };
		D5AF67BD109512CCCBB929B2 /* FoohidDriverManager.m */ = {isa = PBXFileReference; fileEncoding = 4; lastKnownFileType = sourcecode.c.objc; path = FoohidDriverManager.m; sourceTree = "<group>"; };
		D5AF6B0474515CEA814787BA /* Localizable.strings */ = {isa = PBXFileReference; fileEncoding = 4; lastKnownFileType = text.plist.strings; path = Localizable.strings; sourceTree = "<group>"; };
		D5AF6B4712A62019021AD55C /* Settings.h */ = {isa = PBXFileReference; fileEncoding = 4; lastKnownFileType = sourcecode.c.h; path = Settings.h; sourceTree = "<group>"; };
		D5AF6B6BBE8965C01F437473 /* SettingsViewController.h */ = {isa = PBXFileReference; fileEncoding = 4; lastKnownFileType = sourcecode.c.h; path = SettingsViewController.h; sourceTree = "<group>"; };
		D5AF6B796878B0F4538CE208 /* SettingsViewController.m */ = {isa = PBXFileReference; fileEncoding = 4; lastKnownFileType = sourcecode.c.objc; path = SettingsViewController.m; sourceTree = "<group>"; };
		D5AF6BA5EAC8DAAC80726D05 /* Vector2D.mm */ = {isa = PBXFileReference; fileEncoding = 4; lastKnownFileType = sourcecode.cpp.objcpp; path = Vector2D.mm; sourceTree = "<group>"; };
		D5AF6CC4F362A02A01FD538C /* Settings.m */ = {isa = PBXFileReference; fileEncoding = 4; lastKnownFileType = sourcecode.c.objc; path = Settings.m; sourceTree = "<group>"; };
		D5AF6CEAF9FE2B5DBD2FCB2E /* AutoResizingTextView.m */ = {isa = PBXFileReference; fileEncoding = 4; lastKnownFileType = sourcecode.c.objc; path = AutoResizingTextView.m; sourceTree = "<group>"; };
		D5AF6D580620CC2E785E00AE /* AutoResizingTextView.h */ = {isa = PBXFileReference; fileEncoding = 4; lastKnownFileType = sourcecode.c.h; path = AutoResizingTextView.h; sourceTree = "<group>"; };
		D5AF6E73A82D36CF8A62F66D /* FoohidDriverManager.h */ = {isa = PBXFileReference; fileEncoding = 4; lastKnownFileType = sourcecode.c.h; path = FoohidDriverManager.h; sourceTree = "<group>"; };
		D5AF6EC46AFA84F959D22770 /* StatusBarManager.m */ = {isa = PBXFileReference; fileEncoding = 4; lastKnownFileType = sourcecode.c.objc; path = StatusBarManager.m; sourceTree = "<group>"; };
		D5AF6F3B6E942DA9559E24CA /* HIDBridgedGamepad.mm */ = {isa = PBXFileReference; fileEncoding = 4; lastKnownFileType = sourcecode.cpp.objcpp; path = HIDBridgedGamepad.mm; sourceTree = "<group>"; };
		D5AF6F916F4C08DB74A45A63 /* DevicesViewController.h */ = {isa = PBXFileReference; fileEncoding = 4; lastKnownFileType = sourcecode.c.h; path = DevicesViewController.h; sourceTree = "<group>"; };
		D5AF6FCB1BD91368F7553914 /* HIDBridgedGamepad.h */ = {isa = PBXFileReference; fileEncoding = 4; lastKnownFileType = sourcecode.c.h; path = HIDBridgedGamepad.h; sourceTree = "<group>"; };
/* End PBXFileReference section */

/* Begin PBXFrameworksBuildPhase section */
		334A19421E277F4600390316 /* Frameworks */ = {
			isa = PBXFrameworksBuildPhase;
			buildActionMask = 2147483647;
			files = (
			);
			runOnlyForDeploymentPostprocessing = 0;
		};
		33B88B371E24255D006C756D /* Frameworks */ = {
			isa = PBXFrameworksBuildPhase;
			buildActionMask = 2147483647;
			files = (
				3306415C1E250F100044CB68 /* IOKit.framework in Frameworks */,
				33A1BB171E24C7E100036C78 /* CoreBluetooth.framework in Frameworks */,
				33B88B531E242584006C756D /* GameController.framework in Frameworks */,
			);
			runOnlyForDeploymentPostprocessing = 0;
		};
/* End PBXFrameworksBuildPhase section */

/* Begin PBXGroup section */
		334A19461E277F4600390316 /* mfhid_helper */ = {
			isa = PBXGroup;
			children = (
				334A19471E277F4600390316 /* main.mm */,
				D5AF619FEAA91581BA7F1AE5 /* Types.h */,
			);
			path = mfhid_helper;
			sourceTree = "<group>";
		};
		33B88B311E24255D006C756D = {
			isa = PBXGroup;
			children = (
				33B88B3C1E24255D006C756D /* MFHID */,
				334A19461E277F4600390316 /* mfhid_helper */,
				33B88B3B1E24255D006C756D /* Products */,
				33B88B511E242584006C756D /* Frameworks */,
			);
			sourceTree = "<group>";
		};
		33B88B3B1E24255D006C756D /* Products */ = {
			isa = PBXGroup;
			children = (
				33B88B3A1E24255D006C756D /* MFHID.app */,
				334A19451E277F4600390316 /* mfhid_helper */,
			);
			name = Products;
			sourceTree = "<group>";
		};
		33B88B3C1E24255D006C756D /* MFHID */ = {
			isa = PBXGroup;
			children = (
				33B88B3D1E24255D006C756D /* AppDelegate.h */,
				33B88B3E1E24255D006C756D /* AppDelegate.m */,
				33B88B401E24255D006C756D /* Supporting Files */,
				D5AF6AC26BFCE18FA7C37464 /* View Controllers */,
				D5AF609C51EB33B38019D412 /* Extensions */,
				D5AF605FDDB5D0B51CDE6E79 /* Resources */,
				D5AF6650C0204BE4AB16A46A /* Gamepad */,
				D5AF69F4DE6ED41919DA51BA /* Other */,
				D5AF6046D7B033D9C57A3E2D /* Third-Party */,
			);
			path = MFHID;
			sourceTree = "<group>";
		};
		33B88B401E24255D006C756D /* Supporting Files */ = {
			isa = PBXGroup;
			children = (
				33B88B411E24255D006C756D /* main.m */,
				D5AF6745B14015080F7238F7 /* MFIHID-Prefix.pch */,
			);
			name = "Supporting Files";
			sourceTree = "<group>";
		};
		33B88B511E242584006C756D /* Frameworks */ = {
			isa = PBXGroup;
			children = (
				3306415B1E250F100044CB68 /* IOKit.framework */,
				33A1BB161E24C7E100036C78 /* CoreBluetooth.framework */,
				33B88B521E242584006C756D /* GameController.framework */,
			);
			name = Frameworks;
			sourceTree = "<group>";
		};
		D5AF6046D7B033D9C57A3E2D /* Third-Party */ = {
			isa = PBXGroup;
			children = (
				D5AF65829B5356CA0A9E8FBB /* STPrivilegedTask.h */,
				D5AF677B5E65924FB1AC82D5 /* STPrivilegedTask.m */,
			);
			path = "Third-Party";
			sourceTree = "<group>";
		};
		D5AF605FDDB5D0B51CDE6E79 /* Resources */ = {
			isa = PBXGroup;
			children = (
				33992A831E27F96A00A61943 /* Licenses.txt */,
				33B88B461E24255D006C756D /* Assets.xcassets */,
				D5AF67A319ACE8DC457E61E2 /* Main.storyboard */,
				D5AF6B0474515CEA814787BA /* Localizable.strings */,
				D5AF65C6C46729EA7418A55E /* Info.plist */,
				D5AF619D5A73FECA32FA74F9 /* CheckFoohid.scpt */,
			);
			name = Resources;
			sourceTree = "<group>";
		};
		D5AF609C51EB33B38019D412 /* Extensions */ = {
			isa = PBXGroup;
			children = (
				D5AF665337F99C5A26ACF4DC /* Categories.h */,
				D5AF63941EB7F221601CA73F /* Categories.m */,
				D5AF6CEAF9FE2B5DBD2FCB2E /* AutoResizingTextView.m */,
				D5AF6D580620CC2E785E00AE /* AutoResizingTextView.h */,
				D5AF65C13844A6EDDC5CC73C /* AutoResizingTextViewHolder.m */,
				D5AF638C56EEFEE67D05A649 /* AutoResizingTextViewHolder.h */,
			);
			path = Extensions;
			sourceTree = "<group>";
		};
		D5AF6650C0204BE4AB16A46A /* Gamepad */ = {
			isa = PBXGroup;
			children = (
				D5AF61863A6514AD0940EE0C /* HIDController.h */,
				D5AF624D1E6593B1686B148F /* HIDController.mm */,
				D5AF6F3B6E942DA9559E24CA /* HIDBridgedGamepad.mm */,
				D5AF6FCB1BD91368F7553914 /* HIDBridgedGamepad.h */,
			);
			path = Gamepad;
			sourceTree = "<group>";
		};
		D5AF69F4DE6ED41919DA51BA /* Other */ = {
			isa = PBXGroup;
			children = (
				D5AF6E73A82D36CF8A62F66D /* FoohidDriverManager.h */,
				D5AF67BD109512CCCBB929B2 /* FoohidDriverManager.m */,
				D5AF6B4712A62019021AD55C /* Settings.h */,
				D5AF6CC4F362A02A01FD538C /* Settings.m */,
				D5AF6311EBE7B8D81DC364CC /* StatusBarManager.h */,
				D5AF6EC46AFA84F959D22770 /* StatusBarManager.m */,
				D5AF6312955CA72A2D9C97E1 /* Vector2D.h */,
				D5AF6BA5EAC8DAAC80726D05 /* Vector2D.mm */,
			);
			path = Other;
			sourceTree = "<group>";
		};
		D5AF6AC26BFCE18FA7C37464 /* View Controllers */ = {
			isa = PBXGroup;
			children = (
				D5AF6F916F4C08DB74A45A63 /* DevicesViewController.h */,
				D5AF6440ED24F3E83F881DEB /* DevicesViewController.mm */,
				D5AF6B6BBE8965C01F437473 /* SettingsViewController.h */,
				D5AF6B796878B0F4538CE208 /* SettingsViewController.m */,
				33992A801E27E96B00A61943 /* AboutViewController.h */,
				33992A811E27E96B00A61943 /* AboutViewController.m */,
			);
			path = "View Controllers";
			sourceTree = "<group>";
		};
/* End PBXGroup section */

/* Begin PBXNativeTarget section */
		334A19441E277F4600390316 /* mfhid_helper */ = {
			isa = PBXNativeTarget;
			buildConfigurationList = 334A194B1E277F4600390316 /* Build configuration list for PBXNativeTarget "mfhid_helper" */;
			buildPhases = (
				334A19411E277F4600390316 /* Sources */,
				334A19421E277F4600390316 /* Frameworks */,
				334A19431E277F4600390316 /* CopyFiles */,
			);
			buildRules = (
			);
			dependencies = (
			);
			name = mfhid_helper;
			productName = mfhid_helper;
			productReference = 334A19451E277F4600390316 /* mfhid_helper */;
			productType = "com.apple.product-type.tool";
		};
		33B88B391E24255D006C756D /* MFHID */ = {
			isa = PBXNativeTarget;
			buildConfigurationList = 33B88B4E1E24255D006C756D /* Build configuration list for PBXNativeTarget "MFHID" */;
			buildPhases = (
				33B88B361E24255D006C756D /* Sources */,
				33B88B371E24255D006C756D /* Frameworks */,
				33B88B381E24255D006C756D /* Resources */,
			);
			buildRules = (
			);
			dependencies = (
				334A194E1E27922F00390316 /* PBXTargetDependency */,
			);
			name = MFHID;
			productName = MFHID;
			productReference = 33B88B3A1E24255D006C756D /* MFHID.app */;
			productType = "com.apple.product-type.application";
		};
/* End PBXNativeTarget section */

/* Begin PBXProject section */
		33B88B321E24255D006C756D /* Project object */ = {
			isa = PBXProject;
			attributes = {
				LastUpgradeCheck = 0820;
				ORGANIZATIONNAME = "Terry Lewis";
				TargetAttributes = {
					334A19441E277F4600390316 = {
						CreatedOnToolsVersion = 8.2.1;
						DevelopmentTeam = AAQ453XLKM;
						ProvisioningStyle = Automatic;
					};
					33B88B391E24255D006C756D = {
						CreatedOnToolsVersion = 8.2.1;
						DevelopmentTeam = AAQ453XLKM;
						ProvisioningStyle = Automatic;
					};
				};
			};
			buildConfigurationList = 33B88B351E24255D006C756D /* Build configuration list for PBXProject "MFHID" */;
			compatibilityVersion = "Xcode 3.2";
			developmentRegion = English;
			hasScannedForEncodings = 0;
			knownRegions = (
				en,
				Base,
			);
			mainGroup = 33B88B311E24255D006C756D;
			productRefGroup = 33B88B3B1E24255D006C756D /* Products */;
			projectDirPath = "";
			projectRoot = "";
			targets = (
				33B88B391E24255D006C756D /* MFHID */,
				334A19441E277F4600390316 /* mfhid_helper */,
			);
		};
/* End PBXProject section */

/* Begin PBXResourcesBuildPhase section */
		33B88B381E24255D006C756D /* Resources */ = {
			isa = PBXResourcesBuildPhase;
			buildActionMask = 2147483647;
			files = (
				334A194C1E278E2900390316 /* mfhid_helper in Resources */,
				33B88B471E24255D006C756D /* Assets.xcassets in Resources */,
				D5AF6DD8144DBED609588D56 /* Main.storyboard in Resources */,
				33992A841E27F96A00A61943 /* Licenses.txt in Resources */,
				D5AF67D30F8E4A6E67AA6502 /* Localizable.strings in Resources */,
			);
			runOnlyForDeploymentPostprocessing = 0;
		};
/* End PBXResourcesBuildPhase section */

/* Begin PBXSourcesBuildPhase section */
		334A19411E277F4600390316 /* Sources */ = {
			isa = PBXSourcesBuildPhase;
			buildActionMask = 2147483647;
			files = (
				334A19481E277F4600390316 /* main.mm in Sources */,
			);
			runOnlyForDeploymentPostprocessing = 0;
		};
		33B88B361E24255D006C756D /* Sources */ = {
			isa = PBXSourcesBuildPhase;
			buildActionMask = 2147483647;
			files = (
				33B88B421E24255D006C756D /* main.m in Sources */,
				33B88B3F1E24255D006C756D /* AppDelegate.m in Sources */,
				D5AF62EB03D69606E10CD753 /* DevicesViewController.mm in Sources */,
				D5AF6C0EB3F523FA7AB6B09C /* Categories.m in Sources */,
				D5AF62246CE479EE5E30AF4C /* CheckFoohid.scpt in Sources */,
				D5AF6D3D61C8AC9591BF953C /* SettingsViewController.m in Sources */,
				D5AF6EABB31A9C6733F3F291 /* HIDController.mm in Sources */,
				D5AF6D4F2ACCF6319FF2BFCC /* HIDBridgedGamepad.mm in Sources */,
				D5AF621B27047575D37EE70A /* FoohidDriverManager.m in Sources */,
				33992A821E27E96B00A61943 /* AboutViewController.m in Sources */,
				D5AF6303128667E99F5997AF /* Settings.m in Sources */,
				D5AF62004AA8DCDFE62929FA /* StatusBarManager.m in Sources */,
				D5AF611F05C90916915CB6F3 /* Vector2D.mm in Sources */,
				D5AF6862926A3B84E66E0A66 /* STPrivilegedTask.m in Sources */,
				D5AF603A0B4069ACA0ECE80F /* AutoResizingTextView.m in Sources */,
				D5AF69550B2C63FDA12B76EE /* AutoResizingTextViewHolder.m in Sources */,
			);
			runOnlyForDeploymentPostprocessing = 0;
		};
/* End PBXSourcesBuildPhase section */

/* Begin PBXTargetDependency section */
		334A194E1E27922F00390316 /* PBXTargetDependency */ = {
			isa = PBXTargetDependency;
			target = 334A19441E277F4600390316 /* mfhid_helper */;
			targetProxy = 334A194D1E27922F00390316 /* PBXContainerItemProxy */;
		};
/* End PBXTargetDependency section */

/* Begin PBXVariantGroup section */
		D5AF67A319ACE8DC457E61E2 /* Main.storyboard */ = {
			isa = PBXVariantGroup;
			children = (
				D5AF653903AE8F76BF8782B7 /* Base */,
			);
			name = Main.storyboard;
			sourceTree = "<group>";
		};
/* End PBXVariantGroup section */

/* Begin XCBuildConfiguration section */
		334A19491E277F4600390316 /* Debug */ = {
			isa = XCBuildConfiguration;
			buildSettings = {
				DEVELOPMENT_TEAM = AAQ453XLKM;
				PRODUCT_NAME = "$(TARGET_NAME)";
			};
			name = Debug;
		};
		334A194A1E277F4600390316 /* Release */ = {
			isa = XCBuildConfiguration;
			buildSettings = {
				DEVELOPMENT_TEAM = AAQ453XLKM;
				PRODUCT_NAME = "$(TARGET_NAME)";
			};
			name = Release;
		};
		33B88B4C1E24255D006C756D /* Debug */ = {
			isa = XCBuildConfiguration;
			buildSettings = {
				ALWAYS_SEARCH_USER_PATHS = NO;
				CLANG_ANALYZER_NONNULL = YES;
				CLANG_CXX_LANGUAGE_STANDARD = "gnu++0x";
				CLANG_CXX_LIBRARY = "libc++";
				CLANG_ENABLE_MODULES = YES;
				CLANG_ENABLE_OBJC_ARC = YES;
				CLANG_WARN_BOOL_CONVERSION = YES;
				CLANG_WARN_CONSTANT_CONVERSION = YES;
				CLANG_WARN_DIRECT_OBJC_ISA_USAGE = YES_ERROR;
				CLANG_WARN_DOCUMENTATION_COMMENTS = YES;
				CLANG_WARN_EMPTY_BODY = YES;
				CLANG_WARN_ENUM_CONVERSION = YES;
				CLANG_WARN_INFINITE_RECURSION = YES;
				CLANG_WARN_INT_CONVERSION = YES;
				CLANG_WARN_OBJC_ROOT_CLASS = YES_ERROR;
				CLANG_WARN_SUSPICIOUS_MOVE = YES;
				CLANG_WARN_UNREACHABLE_CODE = YES;
				CLANG_WARN__DUPLICATE_METHOD_MATCH = YES;
				CODE_SIGN_IDENTITY = "-";
				COPY_PHASE_STRIP = NO;
				DEBUG_INFORMATION_FORMAT = dwarf;
				ENABLE_STRICT_OBJC_MSGSEND = YES;
				ENABLE_TESTABILITY = YES;
				GCC_C_LANGUAGE_STANDARD = gnu99;
				GCC_DYNAMIC_NO_PIC = NO;
				GCC_NO_COMMON_BLOCKS = YES;
				GCC_OPTIMIZATION_LEVEL = 0;
				GCC_PREPROCESSOR_DEFINITIONS = (
					"DEBUG=1",
					"$(inherited)",
				);
				GCC_WARN_64_TO_32_BIT_CONVERSION = YES;
				GCC_WARN_ABOUT_RETURN_TYPE = YES_ERROR;
				GCC_WARN_UNDECLARED_SELECTOR = YES;
				GCC_WARN_UNINITIALIZED_AUTOS = YES_AGGRESSIVE;
				GCC_WARN_UNUSED_FUNCTION = YES;
				GCC_WARN_UNUSED_VARIABLE = YES;
				MACOSX_DEPLOYMENT_TARGET = 10.12;
				MTL_ENABLE_DEBUG_INFO = YES;
				ONLY_ACTIVE_ARCH = YES;
				SDKROOT = macosx;
			};
			name = Debug;
		};
		33B88B4D1E24255D006C756D /* Release */ = {
			isa = XCBuildConfiguration;
			buildSettings = {
				ALWAYS_SEARCH_USER_PATHS = NO;
				CLANG_ANALYZER_NONNULL = YES;
				CLANG_CXX_LANGUAGE_STANDARD = "gnu++0x";
				CLANG_CXX_LIBRARY = "libc++";
				CLANG_ENABLE_MODULES = YES;
				CLANG_ENABLE_OBJC_ARC = YES;
				CLANG_WARN_BOOL_CONVERSION = YES;
				CLANG_WARN_CONSTANT_CONVERSION = YES;
				CLANG_WARN_DIRECT_OBJC_ISA_USAGE = YES_ERROR;
				CLANG_WARN_DOCUMENTATION_COMMENTS = YES;
				CLANG_WARN_EMPTY_BODY = YES;
				CLANG_WARN_ENUM_CONVERSION = YES;
				CLANG_WARN_INFINITE_RECURSION = YES;
				CLANG_WARN_INT_CONVERSION = YES;
				CLANG_WARN_OBJC_ROOT_CLASS = YES_ERROR;
				CLANG_WARN_SUSPICIOUS_MOVE = YES;
				CLANG_WARN_UNREACHABLE_CODE = YES;
				CLANG_WARN__DUPLICATE_METHOD_MATCH = YES;
				CODE_SIGN_IDENTITY = "-";
				COPY_PHASE_STRIP = NO;
				DEBUG_INFORMATION_FORMAT = "dwarf-with-dsym";
				ENABLE_NS_ASSERTIONS = NO;
				ENABLE_STRICT_OBJC_MSGSEND = YES;
				GCC_C_LANGUAGE_STANDARD = gnu99;
				GCC_NO_COMMON_BLOCKS = YES;
				GCC_WARN_64_TO_32_BIT_CONVERSION = YES;
				GCC_WARN_ABOUT_RETURN_TYPE = YES_ERROR;
				GCC_WARN_UNDECLARED_SELECTOR = YES;
				GCC_WARN_UNINITIALIZED_AUTOS = YES_AGGRESSIVE;
				GCC_WARN_UNUSED_FUNCTION = YES;
				GCC_WARN_UNUSED_VARIABLE = YES;
				MACOSX_DEPLOYMENT_TARGET = 10.12;
				MTL_ENABLE_DEBUG_INFO = NO;
				SDKROOT = macosx;
			};
			name = Release;
		};
		33B88B4F1E24255D006C756D /* Debug */ = {
			isa = XCBuildConfiguration;
			buildSettings = {
				ASSETCATALOG_COMPILER_APPICON_NAME = AppIcon;
				COMBINE_HIDPI_IMAGES = YES;
				DEVELOPMENT_TEAM = AAQ453XLKM;
				GCC_PRECOMPILE_PREFIX_HEADER = YES;
				GCC_PREFIX_HEADER = "$(SRCROOT)/$(PROJECT_NAME)/MFIHID-Prefix.pch";
				INFOPLIST_FILE = MFHID/Info.plist;
				LD_RUNPATH_SEARCH_PATHS = "$(inherited) @executable_path/../Frameworks";
				PRODUCT_BUNDLE_IDENTIFIER = com.terry1994.MFHID;
				PRODUCT_NAME = "$(TARGET_NAME)";
			};
			name = Debug;
		};
		33B88B501E24255D006C756D /* Release */ = {
			isa = XCBuildConfiguration;
			buildSettings = {
				ASSETCATALOG_COMPILER_APPICON_NAME = AppIcon;
				COMBINE_HIDPI_IMAGES = YES;
				DEVELOPMENT_TEAM = AAQ453XLKM;
				GCC_PRECOMPILE_PREFIX_HEADER = YES;
				GCC_PREFIX_HEADER = "$(SRCROOT)/$(PROJECT_NAME)/MFIHID-Prefix.pch";
				INFOPLIST_FILE = MFHID/Info.plist;
				LD_RUNPATH_SEARCH_PATHS = "$(inherited) @executable_path/../Frameworks";
				PRODUCT_BUNDLE_IDENTIFIER = com.terry1994.MFHID;
				PRODUCT_NAME = "$(TARGET_NAME)";
			};
			name = Release;
		};
/* End XCBuildConfiguration section */

/* Begin XCConfigurationList section */
		334A194B1E277F4600390316 /* Build configuration list for PBXNativeTarget "mfhid_helper" */ = {
			isa = XCConfigurationList;
			buildConfigurations = (
				334A19491E277F4600390316 /* Debug */,
				334A194A1E277F4600390316 /* Release */,
			);
			defaultConfigurationIsVisible = 0;
			defaultConfigurationName = Release;
		};
		33B88B351E24255D006C756D /* Build configuration list for PBXProject "MFHID" */ = {
			isa = XCConfigurationList;
			buildConfigurations = (
				33B88B4C1E24255D006C756D /* Debug */,
				33B88B4D1E24255D006C756D /* Release */,
			);
			defaultConfigurationIsVisible = 0;
			defaultConfigurationName = Release;
		};
		33B88B4E1E24255D006C756D /* Build configuration list for PBXNativeTarget "MFHID" */ = {
			isa = XCConfigurationList;
			buildConfigurations = (
				33B88B4F1E24255D006C756D /* Debug */,
				33B88B501E24255D006C756D /* Release */,
			);
			defaultConfigurationIsVisible = 0;
			defaultConfigurationName = Release;
		};
/* End XCConfigurationList section */
	};
	rootObject = 33B88B321E24255D006C756D /* Project object */;
}
